// !$*UTF8*$!
{
	archiveVersion = 1;
	classes = {
	};
	objectVersion = 51;
	objects = {

/* Begin PBXBuildFile section */
		411D4A994682182BA7FD0D73 /* Pods_flix.framework in Frameworks */ = {isa = PBXBuildFile; fileRef = C6E8EB5218B906CF654ADA9B /* Pods_flix.framework */; };
		7A5737F3E84725E56798FA75 /* Pods_flixTests.framework in Frameworks */ = {isa = PBXBuildFile; fileRef = D44B3ABDD0EF5A55E17247FE /* Pods_flixTests.framework */; };
		940D06C502C054ABC5AB6B53 /* Pods_flix_flixUITests.framework in Frameworks */ = {isa = PBXBuildFile; fileRef = A38B81543631BD8F6A6220F7 /* Pods_flix_flixUITests.framework */; };
		C6BC561C235A6D0400A944F1 /* AppDelegate.swift in Sources */ = {isa = PBXBuildFile; fileRef = C6BC561B235A6D0400A944F1 /* AppDelegate.swift */; };
		C6BC561E235A6D0400A944F1 /* SceneDelegate.swift in Sources */ = {isa = PBXBuildFile; fileRef = C6BC561D235A6D0400A944F1 /* SceneDelegate.swift */; };
		C6BC5623235A6D0400A944F1 /* Main.storyboard in Resources */ = {isa = PBXBuildFile; fileRef = C6BC5621235A6D0400A944F1 /* Main.storyboard */; };
		C6BC5625235A6D0700A944F1 /* Assets.xcassets in Resources */ = {isa = PBXBuildFile; fileRef = C6BC5624235A6D0700A944F1 /* Assets.xcassets */; };
		C6BC5628235A6D0700A944F1 /* LaunchScreen.storyboard in Resources */ = {isa = PBXBuildFile; fileRef = C6BC5626235A6D0700A944F1 /* LaunchScreen.storyboard */; };
		C6BC5633235A6D0700A944F1 /* flixTests.swift in Sources */ = {isa = PBXBuildFile; fileRef = C6BC5632235A6D0700A944F1 /* flixTests.swift */; };
		C6BC563E235A6D0700A944F1 /* flixUITests.swift in Sources */ = {isa = PBXBuildFile; fileRef = C6BC563D235A6D0700A944F1 /* flixUITests.swift */; };
		C6BC564C235A6FC100A944F1 /* MoviesViewController.swift in Sources */ = {isa = PBXBuildFile; fileRef = C6BC564B235A6FC100A944F1 /* MoviesViewController.swift */; };
		C6BC564E235ADED800A944F1 /* MovieCell.swift in Sources */ = {isa = PBXBuildFile; fileRef = C6BC564D235ADED800A944F1 /* MovieCell.swift */; };
/* End PBXBuildFile section */

/* Begin PBXContainerItemProxy section */
		C6BC562F235A6D0700A944F1 /* PBXContainerItemProxy */ = {
			isa = PBXContainerItemProxy;
			containerPortal = C6BC5610235A6D0400A944F1 /* Project object */;
			proxyType = 1;
			remoteGlobalIDString = C6BC5617235A6D0400A944F1;
			remoteInfo = flix;
		};
		C6BC563A235A6D0700A944F1 /* PBXContainerItemProxy */ = {
			isa = PBXContainerItemProxy;
			containerPortal = C6BC5610235A6D0400A944F1 /* Project object */;
			proxyType = 1;
			remoteGlobalIDString = C6BC5617235A6D0400A944F1;
			remoteInfo = flix;
		};
/* End PBXContainerItemProxy section */

/* Begin PBXFileReference section */
		15B58E9F0873603F9EA129F8 /* Pods-flix-flixUITests.release.xcconfig */ = {isa = PBXFileReference; includeInIndex = 1; lastKnownFileType = text.xcconfig; name = "Pods-flix-flixUITests.release.xcconfig"; path = "Target Support Files/Pods-flix-flixUITests/Pods-flix-flixUITests.release.xcconfig"; sourceTree = "<group>"; };
		1DE4BD7E465F8DABC6410967 /* Pods-flixTests.debug.xcconfig */ = {isa = PBXFileReference; includeInIndex = 1; lastKnownFileType = text.xcconfig; name = "Pods-flixTests.debug.xcconfig"; path = "Target Support Files/Pods-flixTests/Pods-flixTests.debug.xcconfig"; sourceTree = "<group>"; };
		3724D0338FE7EFE7CC7A287B /* Pods-flixTests.release.xcconfig */ = {isa = PBXFileReference; includeInIndex = 1; lastKnownFileType = text.xcconfig; name = "Pods-flixTests.release.xcconfig"; path = "Target Support Files/Pods-flixTests/Pods-flixTests.release.xcconfig"; sourceTree = "<group>"; };
		90B13FABB5434BE985AA3D09 /* Pods-flix.release.xcconfig */ = {isa = PBXFileReference; includeInIndex = 1; lastKnownFileType = text.xcconfig; name = "Pods-flix.release.xcconfig"; path = "Target Support Files/Pods-flix/Pods-flix.release.xcconfig"; sourceTree = "<group>"; };
		A38B81543631BD8F6A6220F7 /* Pods_flix_flixUITests.framework */ = {isa = PBXFileReference; explicitFileType = wrapper.framework; includeInIndex = 0; path = Pods_flix_flixUITests.framework; sourceTree = BUILT_PRODUCTS_DIR; };
		C647FF01F33C0DDBCDBC5B5B /* Pods-flix.debug.xcconfig */ = {isa = PBXFileReference; includeInIndex = 1; lastKnownFileType = text.xcconfig; name = "Pods-flix.debug.xcconfig"; path = "Target Support Files/Pods-flix/Pods-flix.debug.xcconfig"; sourceTree = "<group>"; };
		C6BC5618235A6D0400A944F1 /* flix.app */ = {isa = PBXFileReference; explicitFileType = wrapper.application; includeInIndex = 0; path = flix.app; sourceTree = BUILT_PRODUCTS_DIR; };
		C6BC561B235A6D0400A944F1 /* AppDelegate.swift */ = {isa = PBXFileReference; lastKnownFileType = sourcecode.swift; path = AppDelegate.swift; sourceTree = "<group>"; };
		C6BC561D235A6D0400A944F1 /* SceneDelegate.swift */ = {isa = PBXFileReference; lastKnownFileType = sourcecode.swift; path = SceneDelegate.swift; sourceTree = "<group>"; };
		C6BC5622235A6D0400A944F1 /* Base */ = {isa = PBXFileReference; lastKnownFileType = file.storyboard; name = Base; path = Base.lproj/Main.storyboard; sourceTree = "<group>"; };
		C6BC5624235A6D0700A944F1 /* Assets.xcassets */ = {isa = PBXFileReference; lastKnownFileType = folder.assetcatalog; path = Assets.xcassets; sourceTree = "<group>"; };
		C6BC5627235A6D0700A944F1 /* Base */ = {isa = PBXFileReference; lastKnownFileType = file.storyboard; name = Base; path = Base.lproj/LaunchScreen.storyboard; sourceTree = "<group>"; };
		C6BC5629235A6D0700A944F1 /* Info.plist */ = {isa = PBXFileReference; lastKnownFileType = text.plist.xml; path = Info.plist; sourceTree = "<group>"; };
		C6BC562E235A6D0700A944F1 /* flixTests.xctest */ = {isa = PBXFileReference; explicitFileType = wrapper.cfbundle; includeInIndex = 0; path = flixTests.xctest; sourceTree = BUILT_PRODUCTS_DIR; };
		C6BC5632235A6D0700A944F1 /* flixTests.swift */ = {isa = PBXFileReference; lastKnownFileType = sourcecode.swift; path = flixTests.swift; sourceTree = "<group>"; };
		C6BC5634235A6D0700A944F1 /* Info.plist */ = {isa = PBXFileReference; lastKnownFileType = text.plist.xml; path = Info.plist; sourceTree = "<group>"; };
		C6BC5639235A6D0700A944F1 /* flixUITests.xctest */ = {isa = PBXFileReference; explicitFileType = wrapper.cfbundle; includeInIndex = 0; path = flixUITests.xctest; sourceTree = BUILT_PRODUCTS_DIR; };
		C6BC563D235A6D0700A944F1 /* flixUITests.swift */ = {isa = PBXFileReference; lastKnownFileType = sourcecode.swift; path = flixUITests.swift; sourceTree = "<group>"; };
		C6BC563F235A6D0700A944F1 /* Info.plist */ = {isa = PBXFileReference; lastKnownFileType = text.plist.xml; path = Info.plist; sourceTree = "<group>"; };
		C6BC564B235A6FC100A944F1 /* MoviesViewController.swift */ = {isa = PBXFileReference; lastKnownFileType = sourcecode.swift; path = MoviesViewController.swift; sourceTree = "<group>"; };
		C6BC564D235ADED800A944F1 /* MovieCell.swift */ = {isa = PBXFileReference; lastKnownFileType = sourcecode.swift; path = MovieCell.swift; sourceTree = "<group>"; };
		C6E8EB5218B906CF654ADA9B /* Pods_flix.framework */ = {isa = PBXFileReference; explicitFileType = wrapper.framework; includeInIndex = 0; path = Pods_flix.framework; sourceTree = BUILT_PRODUCTS_DIR; };
		CF5BCB13A2BD730D901E928E /* Pods-flix-flixUITests.debug.xcconfig */ = {isa = PBXFileReference; includeInIndex = 1; lastKnownFileType = text.xcconfig; name = "Pods-flix-flixUITests.debug.xcconfig"; path = "Target Support Files/Pods-flix-flixUITests/Pods-flix-flixUITests.debug.xcconfig"; sourceTree = "<group>"; };
		D44B3ABDD0EF5A55E17247FE /* Pods_flixTests.framework */ = {isa = PBXFileReference; explicitFileType = wrapper.framework; includeInIndex = 0; path = Pods_flixTests.framework; sourceTree = BUILT_PRODUCTS_DIR; };
/* End PBXFileReference section */

/* Begin PBXFrameworksBuildPhase section */
		C6BC5615235A6D0400A944F1 /* Frameworks */ = {
			isa = PBXFrameworksBuildPhase;
			buildActionMask = 2147483647;
			files = (
				411D4A994682182BA7FD0D73 /* Pods_flix.framework in Frameworks */,
			);
			runOnlyForDeploymentPostprocessing = 0;
		};
		C6BC562B235A6D0700A944F1 /* Frameworks */ = {
			isa = PBXFrameworksBuildPhase;
			buildActionMask = 2147483647;
			files = (
				7A5737F3E84725E56798FA75 /* Pods_flixTests.framework in Frameworks */,
			);
			runOnlyForDeploymentPostprocessing = 0;
		};
		C6BC5636235A6D0700A944F1 /* Frameworks */ = {
			isa = PBXFrameworksBuildPhase;
			buildActionMask = 2147483647;
			files = (
				940D06C502C054ABC5AB6B53 /* Pods_flix_flixUITests.framework in Frameworks */,
			);
			runOnlyForDeploymentPostprocessing = 0;
		};
/* End PBXFrameworksBuildPhase section */

/* Begin PBXGroup section */
		C6BC560F235A6D0400A944F1 = {
			isa = PBXGroup;
			children = (
				C6BC561A235A6D0400A944F1 /* flix */,
				C6BC5631235A6D0700A944F1 /* flixTests */,
				C6BC563C235A6D0700A944F1 /* flixUITests */,
				C6BC5619235A6D0400A944F1 /* Products */,
				D9756CF4F7518BE3FA7C2DB8 /* Pods */,
				FDBEF61159D933FAC21F803F /* Frameworks */,
			);
			sourceTree = "<group>";
		};
		C6BC5619235A6D0400A944F1 /* Products */ = {
			isa = PBXGroup;
			children = (
				C6BC5618235A6D0400A944F1 /* flix.app */,
				C6BC562E235A6D0700A944F1 /* flixTests.xctest */,
				C6BC5639235A6D0700A944F1 /* flixUITests.xctest */,
			);
			name = Products;
			sourceTree = "<group>";
		};
		C6BC561A235A6D0400A944F1 /* flix */ = {
			isa = PBXGroup;
			children = (
				C6BC561B235A6D0400A944F1 /* AppDelegate.swift */,
				C6BC561D235A6D0400A944F1 /* SceneDelegate.swift */,
				C6BC5621235A6D0400A944F1 /* Main.storyboard */,
				C6BC564B235A6FC100A944F1 /* MoviesViewController.swift */,
				C6BC5624235A6D0700A944F1 /* Assets.xcassets */,
				C6BC5626235A6D0700A944F1 /* LaunchScreen.storyboard */,
				C6BC5629235A6D0700A944F1 /* Info.plist */,
				C6BC564D235ADED800A944F1 /* MovieCell.swift */,
			);
			path = flix;
			sourceTree = "<group>";
		};
		C6BC5631235A6D0700A944F1 /* flixTests */ = {
			isa = PBXGroup;
			children = (
				C6BC5632235A6D0700A944F1 /* flixTests.swift */,
				C6BC5634235A6D0700A944F1 /* Info.plist */,
			);
			path = flixTests;
			sourceTree = "<group>";
		};
		C6BC563C235A6D0700A944F1 /* flixUITests */ = {
			isa = PBXGroup;
			children = (
				C6BC563D235A6D0700A944F1 /* flixUITests.swift */,
				C6BC563F235A6D0700A944F1 /* Info.plist */,
			);
			path = flixUITests;
			sourceTree = "<group>";
		};
		D9756CF4F7518BE3FA7C2DB8 /* Pods */ = {
			isa = PBXGroup;
			children = (
				C647FF01F33C0DDBCDBC5B5B /* Pods-flix.debug.xcconfig */,
				90B13FABB5434BE985AA3D09 /* Pods-flix.release.xcconfig */,
				CF5BCB13A2BD730D901E928E /* Pods-flix-flixUITests.debug.xcconfig */,
				15B58E9F0873603F9EA129F8 /* Pods-flix-flixUITests.release.xcconfig */,
				1DE4BD7E465F8DABC6410967 /* Pods-flixTests.debug.xcconfig */,
				3724D0338FE7EFE7CC7A287B /* Pods-flixTests.release.xcconfig */,
			);
			path = Pods;
			sourceTree = "<group>";
		};
		FDBEF61159D933FAC21F803F /* Frameworks */ = {
			isa = PBXGroup;
			children = (
				C6E8EB5218B906CF654ADA9B /* Pods_flix.framework */,
				A38B81543631BD8F6A6220F7 /* Pods_flix_flixUITests.framework */,
				D44B3ABDD0EF5A55E17247FE /* Pods_flixTests.framework */,
			);
			name = Frameworks;
			sourceTree = "<group>";
		};
/* End PBXGroup section */

/* Begin PBXNativeTarget section */
		C6BC5617235A6D0400A944F1 /* flix */ = {
			isa = PBXNativeTarget;
			buildConfigurationList = C6BC5642235A6D0700A944F1 /* Build configuration list for PBXNativeTarget "flix" */;
			buildPhases = (
				61C3A64D764D17B4BF5A750B /* [CP] Check Pods Manifest.lock */,
				C6BC5614235A6D0400A944F1 /* Sources */,
				C6BC5615235A6D0400A944F1 /* Frameworks */,
				C6BC5616235A6D0400A944F1 /* Resources */,
				0A60CDDF952F33558CF494C1 /* [CP] Embed Pods Frameworks */,
			);
			buildRules = (
			);
			dependencies = (
			);
			name = flix;
			productName = flix;
			productReference = C6BC5618235A6D0400A944F1 /* flix.app */;
			productType = "com.apple.product-type.application";
		};
		C6BC562D235A6D0700A944F1 /* flixTests */ = {
			isa = PBXNativeTarget;
			buildConfigurationList = C6BC5645235A6D0700A944F1 /* Build configuration list for PBXNativeTarget "flixTests" */;
			buildPhases = (
				74B61F66E23DA3CD9966AFBF /* [CP] Check Pods Manifest.lock */,
				C6BC562A235A6D0700A944F1 /* Sources */,
				C6BC562B235A6D0700A944F1 /* Frameworks */,
				C6BC562C235A6D0700A944F1 /* Resources */,
			);
			buildRules = (
			);
			dependencies = (
				C6BC5630235A6D0700A944F1 /* PBXTargetDependency */,
			);
			name = flixTests;
			productName = flixTests;
			productReference = C6BC562E235A6D0700A944F1 /* flixTests.xctest */;
			productType = "com.apple.product-type.bundle.unit-test";
		};
		C6BC5638235A6D0700A944F1 /* flixUITests */ = {
			isa = PBXNativeTarget;
			buildConfigurationList = C6BC5648235A6D0700A944F1 /* Build configuration list for PBXNativeTarget "flixUITests" */;
			buildPhases = (
				4A3AB15672C975D330871FED /* [CP] Check Pods Manifest.lock */,
				C6BC5635235A6D0700A944F1 /* Sources */,
				C6BC5636235A6D0700A944F1 /* Frameworks */,
				C6BC5637235A6D0700A944F1 /* Resources */,
				A1443898DCC3A3CEDC88675E /* [CP] Embed Pods Frameworks */,
			);
			buildRules = (
			);
			dependencies = (
				C6BC563B235A6D0700A944F1 /* PBXTargetDependency */,
			);
			name = flixUITests;
			productName = flixUITests;
			productReference = C6BC5639235A6D0700A944F1 /* flixUITests.xctest */;
			productType = "com.apple.product-type.bundle.ui-testing";
		};
/* End PBXNativeTarget section */

/* Begin PBXProject section */
		C6BC5610235A6D0400A944F1 /* Project object */ = {
			isa = PBXProject;
			attributes = {
				LastSwiftUpdateCheck = 1110;
				LastUpgradeCheck = 1110;
				ORGANIZATIONNAME = richard.thai;
				TargetAttributes = {
					C6BC5617235A6D0400A944F1 = {
						CreatedOnToolsVersion = 11.1;
					};
					C6BC562D235A6D0700A944F1 = {
						CreatedOnToolsVersion = 11.1;
						TestTargetID = C6BC5617235A6D0400A944F1;
					};
					C6BC5638235A6D0700A944F1 = {
						CreatedOnToolsVersion = 11.1;
						TestTargetID = C6BC5617235A6D0400A944F1;
					};
				};
			};
			buildConfigurationList = C6BC5613235A6D0400A944F1 /* Build configuration list for PBXProject "flix" */;
			compatibilityVersion = "Xcode 9.3";
			developmentRegion = en;
			hasScannedForEncodings = 0;
			knownRegions = (
				en,
				Base,
			);
			mainGroup = C6BC560F235A6D0400A944F1;
			productRefGroup = C6BC5619235A6D0400A944F1 /* Products */;
			projectDirPath = "";
			projectRoot = "";
			targets = (
				C6BC5617235A6D0400A944F1 /* flix */,
				C6BC562D235A6D0700A944F1 /* flixTests */,
				C6BC5638235A6D0700A944F1 /* flixUITests */,
			);
		};
/* End PBXProject section */

/* Begin PBXResourcesBuildPhase section */
		C6BC5616235A6D0400A944F1 /* Resources */ = {
			isa = PBXResourcesBuildPhase;
			buildActionMask = 2147483647;
			files = (
				C6BC5628235A6D0700A944F1 /* LaunchScreen.storyboard in Resources */,
				C6BC5625235A6D0700A944F1 /* Assets.xcassets in Resources */,
				C6BC5623235A6D0400A944F1 /* Main.storyboard in Resources */,
			);
			runOnlyForDeploymentPostprocessing = 0;
		};
		C6BC562C235A6D0700A944F1 /* Resources */ = {
			isa = PBXResourcesBuildPhase;
			buildActionMask = 2147483647;
			files = (
			);
			runOnlyForDeploymentPostprocessing = 0;
		};
		C6BC5637235A6D0700A944F1 /* Resources */ = {
			isa = PBXResourcesBuildPhase;
			buildActionMask = 2147483647;
			files = (
			);
			runOnlyForDeploymentPostprocessing = 0;
		};
/* End PBXResourcesBuildPhase section */

/* Begin PBXShellScriptBuildPhase section */
		0A60CDDF952F33558CF494C1 /* [CP] Embed Pods Frameworks */ = {
			isa = PBXShellScriptBuildPhase;
			buildActionMask = 2147483647;
			files = (
			);
			inputFileListPaths = (
				"${PODS_ROOT}/Target Support Files/Pods-flix/Pods-flix-frameworks-${CONFIGURATION}-input-files.xcfilelist",
			);
			name = "[CP] Embed Pods Frameworks";
			outputFileListPaths = (
				"${PODS_ROOT}/Target Support Files/Pods-flix/Pods-flix-frameworks-${CONFIGURATION}-output-files.xcfilelist",
			);
			runOnlyForDeploymentPostprocessing = 0;
			shellPath = /bin/sh;
			shellScript = "\"${PODS_ROOT}/Target Support Files/Pods-flix/Pods-flix-frameworks.sh\"\n";
			showEnvVarsInLog = 0;
		};
		4A3AB15672C975D330871FED /* [CP] Check Pods Manifest.lock */ = {
			isa = PBXShellScriptBuildPhase;
			buildActionMask = 2147483647;
			files = (
			);
			inputFileListPaths = (
			);
			inputPaths = (
				"${PODS_PODFILE_DIR_PATH}/Podfile.lock",
				"${PODS_ROOT}/Manifest.lock",
			);
			name = "[CP] Check Pods Manifest.lock";
			outputFileListPaths = (
			);
			outputPaths = (
				"$(DERIVED_FILE_DIR)/Pods-flix-flixUITests-checkManifestLockResult.txt",
			);
			runOnlyForDeploymentPostprocessing = 0;
			shellPath = /bin/sh;
			shellScript = "diff \"${PODS_PODFILE_DIR_PATH}/Podfile.lock\" \"${PODS_ROOT}/Manifest.lock\" > /dev/null\nif [ $? != 0 ] ; then\n    # print error to STDERR\n    echo \"error: The sandbox is not in sync with the Podfile.lock. Run 'pod install' or update your CocoaPods installation.\" >&2\n    exit 1\nfi\n# This output is used by Xcode 'outputs' to avoid re-running this script phase.\necho \"SUCCESS\" > \"${SCRIPT_OUTPUT_FILE_0}\"\n";
			showEnvVarsInLog = 0;
		};
		61C3A64D764D17B4BF5A750B /* [CP] Check Pods Manifest.lock */ = {
			isa = PBXShellScriptBuildPhase;
			buildActionMask = 2147483647;
			files = (
			);
			inputFileListPaths = (
			);
			inputPaths = (
				"${PODS_PODFILE_DIR_PATH}/Podfile.lock",
				"${PODS_ROOT}/Manifest.lock",
			);
			name = "[CP] Check Pods Manifest.lock";
			outputFileListPaths = (
			);
			outputPaths = (
				"$(DERIVED_FILE_DIR)/Pods-flix-checkManifestLockResult.txt",
			);
			runOnlyForDeploymentPostprocessing = 0;
			shellPath = /bin/sh;
			shellScript = "diff \"${PODS_PODFILE_DIR_PATH}/Podfile.lock\" \"${PODS_ROOT}/Manifest.lock\" > /dev/null\nif [ $? != 0 ] ; then\n    # print error to STDERR\n    echo \"error: The sandbox is not in sync with the Podfile.lock. Run 'pod install' or update your CocoaPods installation.\" >&2\n    exit 1\nfi\n# This output is used by Xcode 'outputs' to avoid re-running this script phase.\necho \"SUCCESS\" > \"${SCRIPT_OUTPUT_FILE_0}\"\n";
			showEnvVarsInLog = 0;
		};
		74B61F66E23DA3CD9966AFBF /* [CP] Check Pods Manifest.lock */ = {
			isa = PBXShellScriptBuildPhase;
			buildActionMask = 2147483647;
			files = (
			);
			inputFileListPaths = (
			);
			inputPaths = (
				"${PODS_PODFILE_DIR_PATH}/Podfile.lock",
				"${PODS_ROOT}/Manifest.lock",
			);
			name = "[CP] Check Pods Manifest.lock";
			outputFileListPaths = (
			);
			outputPaths = (
				"$(DERIVED_FILE_DIR)/Pods-flixTests-checkManifestLockResult.txt",
			);
			runOnlyForDeploymentPostprocessing = 0;
			shellPath = /bin/sh;
			shellScript = "diff \"${PODS_PODFILE_DIR_PATH}/Podfile.lock\" \"${PODS_ROOT}/Manifest.lock\" > /dev/null\nif [ $? != 0 ] ; then\n    # print error to STDERR\n    echo \"error: The sandbox is not in sync with the Podfile.lock. Run 'pod install' or update your CocoaPods installation.\" >&2\n    exit 1\nfi\n# This output is used by Xcode 'outputs' to avoid re-running this script phase.\necho \"SUCCESS\" > \"${SCRIPT_OUTPUT_FILE_0}\"\n";
			showEnvVarsInLog = 0;
		};
		A1443898DCC3A3CEDC88675E /* [CP] Embed Pods Frameworks */ = {
			isa = PBXShellScriptBuildPhase;
			buildActionMask = 2147483647;
			files = (
			);
			inputFileListPaths = (
				"${PODS_ROOT}/Target Support Files/Pods-flix-flixUITests/Pods-flix-flixUITests-frameworks-${CONFIGURATION}-input-files.xcfilelist",
			);
			name = "[CP] Embed Pods Frameworks";
			outputFileListPaths = (
				"${PODS_ROOT}/Target Support Files/Pods-flix-flixUITests/Pods-flix-flixUITests-frameworks-${CONFIGURATION}-output-files.xcfilelist",
			);
			runOnlyForDeploymentPostprocessing = 0;
			shellPath = /bin/sh;
			shellScript = "\"${PODS_ROOT}/Target Support Files/Pods-flix-flixUITests/Pods-flix-flixUITests-frameworks.sh\"\n";
			showEnvVarsInLog = 0;
		};
/* End PBXShellScriptBuildPhase section */

/* Begin PBXSourcesBuildPhase section */
		C6BC5614235A6D0400A944F1 /* Sources */ = {
			isa = PBXSourcesBuildPhase;
			buildActionMask = 2147483647;
			files = (
				C6BC561C235A6D0400A944F1 /* AppDelegate.swift in Sources */,
				C6BC561E235A6D0400A944F1 /* SceneDelegate.swift in Sources */,
				C6BC564E235ADED800A944F1 /* MovieCell.swift in Sources */,
				C6BC564C235A6FC100A944F1 /* MoviesViewController.swift in Sources */,
			);
			runOnlyForDeploymentPostprocessing = 0;
		};
		C6BC562A235A6D0700A944F1 /* Sources */ = {
			isa = PBXSourcesBuildPhase;
			buildActionMask = 2147483647;
			files = (
				C6BC5633235A6D0700A944F1 /* flixTests.swift in Sources */,
			);
			runOnlyForDeploymentPostprocessing = 0;
		};
		C6BC5635235A6D0700A944F1 /* Sources */ = {
			isa = PBXSourcesBuildPhase;
			buildActionMask = 2147483647;
			files = (
				C6BC563E235A6D0700A944F1 /* flixUITests.swift in Sources */,
			);
			runOnlyForDeploymentPostprocessing = 0;
		};
/* End PBXSourcesBuildPhase section */

/* Begin PBXTargetDependency section */
		C6BC5630235A6D0700A944F1 /* PBXTargetDependency */ = {
			isa = PBXTargetDependency;
			target = C6BC5617235A6D0400A944F1 /* flix */;
			targetProxy = C6BC562F235A6D0700A944F1 /* PBXContainerItemProxy */;
		};
		C6BC563B235A6D0700A944F1 /* PBXTargetDependency */ = {
			isa = PBXTargetDependency;
			target = C6BC5617235A6D0400A944F1 /* flix */;
			targetProxy = C6BC563A235A6D0700A944F1 /* PBXContainerItemProxy */;
		};
/* End PBXTargetDependency section */

/* Begin PBXVariantGroup section */
		C6BC5621235A6D0400A944F1 /* Main.storyboard */ = {
			isa = PBXVariantGroup;
			children = (
				C6BC5622235A6D0400A944F1 /* Base */,
			);
			name = Main.storyboard;
			sourceTree = "<group>";
		};
		C6BC5626235A6D0700A944F1 /* LaunchScreen.storyboard */ = {
			isa = PBXVariantGroup;
			children = (
				C6BC5627235A6D0700A944F1 /* Base */,
			);
			name = LaunchScreen.storyboard;
			sourceTree = "<group>";
		};
/* End PBXVariantGroup section */

/* Begin XCBuildConfiguration section */
		C6BC5640235A6D0700A944F1 /* Debug */ = {
			isa = XCBuildConfiguration;
			buildSettings = {
				ALWAYS_SEARCH_USER_PATHS = NO;
				CLANG_ANALYZER_NONNULL = YES;
				CLANG_ANALYZER_NUMBER_OBJECT_CONVERSION = YES_AGGRESSIVE;
				CLANG_CXX_LANGUAGE_STANDARD = "gnu++14";
				CLANG_CXX_LIBRARY = "libc++";
				CLANG_ENABLE_MODULES = YES;
				CLANG_ENABLE_OBJC_ARC = YES;
				CLANG_ENABLE_OBJC_WEAK = YES;
				CLANG_WARN_BLOCK_CAPTURE_AUTORELEASING = YES;
				CLANG_WARN_BOOL_CONVERSION = YES;
				CLANG_WARN_COMMA = YES;
				CLANG_WARN_CONSTANT_CONVERSION = YES;
				CLANG_WARN_DEPRECATED_OBJC_IMPLEMENTATIONS = YES;
				CLANG_WARN_DIRECT_OBJC_ISA_USAGE = YES_ERROR;
				CLANG_WARN_DOCUMENTATION_COMMENTS = YES;
				CLANG_WARN_EMPTY_BODY = YES;
				CLANG_WARN_ENUM_CONVERSION = YES;
				CLANG_WARN_INFINITE_RECURSION = YES;
				CLANG_WARN_INT_CONVERSION = YES;
				CLANG_WARN_NON_LITERAL_NULL_CONVERSION = YES;
				CLANG_WARN_OBJC_IMPLICIT_RETAIN_SELF = YES;
				CLANG_WARN_OBJC_LITERAL_CONVERSION = YES;
				CLANG_WARN_OBJC_ROOT_CLASS = YES_ERROR;
				CLANG_WARN_RANGE_LOOP_ANALYSIS = YES;
				CLANG_WARN_STRICT_PROTOTYPES = YES;
				CLANG_WARN_SUSPICIOUS_MOVE = YES;
				CLANG_WARN_UNGUARDED_AVAILABILITY = YES_AGGRESSIVE;
				CLANG_WARN_UNREACHABLE_CODE = YES;
				CLANG_WARN__DUPLICATE_METHOD_MATCH = YES;
				COPY_PHASE_STRIP = NO;
				DEBUG_INFORMATION_FORMAT = dwarf;
				ENABLE_STRICT_OBJC_MSGSEND = YES;
				ENABLE_TESTABILITY = YES;
				GCC_C_LANGUAGE_STANDARD = gnu11;
				GCC_DYNAMIC_NO_PIC = NO;
				GCC_NO_COMMON_BLOCKS = YES;
				GCC_OPTIMIZATION_LEVEL = 0;
				GCC_PREPROCESSOR_DEFINITIONS = (
					"DEBUG=1",
					"$(inherited)",
				);
				GCC_WARN_64_TO_32_BIT_CONVERSION = YES;
				GCC_WARN_ABOUT_RETURN_TYPE = YES_ERROR;
				GCC_WARN_UNDECLARED_SELECTOR = YES;
				GCC_WARN_UNINITIALIZED_AUTOS = YES_AGGRESSIVE;
				GCC_WARN_UNUSED_FUNCTION = YES;
				GCC_WARN_UNUSED_VARIABLE = YES;
				IPHONEOS_DEPLOYMENT_TARGET = 13.1;
				MTL_ENABLE_DEBUG_INFO = INCLUDE_SOURCE;
				MTL_FAST_MATH = YES;
				ONLY_ACTIVE_ARCH = YES;
				SDKROOT = iphoneos;
				SWIFT_ACTIVE_COMPILATION_CONDITIONS = DEBUG;
				SWIFT_OPTIMIZATION_LEVEL = "-Onone";
			};
			name = Debug;
		};
		C6BC5641235A6D0700A944F1 /* Release */ = {
			isa = XCBuildConfiguration;
			buildSettings = {
				ALWAYS_SEARCH_USER_PATHS = NO;
				CLANG_ANALYZER_NONNULL = YES;
				CLANG_ANALYZER_NUMBER_OBJECT_CONVERSION = YES_AGGRESSIVE;
				CLANG_CXX_LANGUAGE_STANDARD = "gnu++14";
				CLANG_CXX_LIBRARY = "libc++";
				CLANG_ENABLE_MODULES = YES;
				CLANG_ENABLE_OBJC_ARC = YES;
				CLANG_ENABLE_OBJC_WEAK = YES;
				CLANG_WARN_BLOCK_CAPTURE_AUTORELEASING = YES;
				CLANG_WARN_BOOL_CONVERSION = YES;
				CLANG_WARN_COMMA = YES;
				CLANG_WARN_CONSTANT_CONVERSION = YES;
				CLANG_WARN_DEPRECATED_OBJC_IMPLEMENTATIONS = YES;
				CLANG_WARN_DIRECT_OBJC_ISA_USAGE = YES_ERROR;
				CLANG_WARN_DOCUMENTATION_COMMENTS = YES;
				CLANG_WARN_EMPTY_BODY = YES;
				CLANG_WARN_ENUM_CONVERSION = YES;
				CLANG_WARN_INFINITE_RECURSION = YES;
				CLANG_WARN_INT_CONVERSION = YES;
				CLANG_WARN_NON_LITERAL_NULL_CONVERSION = YES;
				CLANG_WARN_OBJC_IMPLICIT_RETAIN_SELF = YES;
				CLANG_WARN_OBJC_LITERAL_CONVERSION = YES;
				CLANG_WARN_OBJC_ROOT_CLASS = YES_ERROR;
				CLANG_WARN_RANGE_LOOP_ANALYSIS = YES;
				CLANG_WARN_STRICT_PROTOTYPES = YES;
				CLANG_WARN_SUSPICIOUS_MOVE = YES;
				CLANG_WARN_UNGUARDED_AVAILABILITY = YES_AGGRESSIVE;
				CLANG_WARN_UNREACHABLE_CODE = YES;
				CLANG_WARN__DUPLICATE_METHOD_MATCH = YES;
				COPY_PHASE_STRIP = NO;
				DEBUG_INFORMATION_FORMAT = "dwarf-with-dsym";
				ENABLE_NS_ASSERTIONS = NO;
				ENABLE_STRICT_OBJC_MSGSEND = YES;
				GCC_C_LANGUAGE_STANDARD = gnu11;
				GCC_NO_COMMON_BLOCKS = YES;
				GCC_WARN_64_TO_32_BIT_CONVERSION = YES;
				GCC_WARN_ABOUT_RETURN_TYPE = YES_ERROR;
				GCC_WARN_UNDECLARED_SELECTOR = YES;
				GCC_WARN_UNINITIALIZED_AUTOS = YES_AGGRESSIVE;
				GCC_WARN_UNUSED_FUNCTION = YES;
				GCC_WARN_UNUSED_VARIABLE = YES;
				IPHONEOS_DEPLOYMENT_TARGET = 13.1;
				MTL_ENABLE_DEBUG_INFO = NO;
				MTL_FAST_MATH = YES;
				SDKROOT = iphoneos;
				SWIFT_COMPILATION_MODE = wholemodule;
				SWIFT_OPTIMIZATION_LEVEL = "-O";
				VALIDATE_PRODUCT = YES;
			};
			name = Release;
		};
		C6BC5643235A6D0700A944F1 /* Debug */ = {
			isa = XCBuildConfiguration;
			baseConfigurationReference = C647FF01F33C0DDBCDBC5B5B /* Pods-flix.debug.xcconfig */;
			buildSettings = {
				ASSETCATALOG_COMPILER_APPICON_NAME = AppIcon;
				CODE_SIGN_STYLE = Automatic;
				DEVELOPMENT_TEAM = "";
				INFOPLIST_FILE = flix/Info.plist;
				LD_RUNPATH_SEARCH_PATHS = (
					"$(inherited)",
					"@executable_path/Frameworks",
				);
				PRODUCT_BUNDLE_IDENTIFIER = com.codepath.flix;
				PRODUCT_NAME = "$(TARGET_NAME)";
				SWIFT_VERSION = 5.0;
				TARGETED_DEVICE_FAMILY = "1,2";
			};
			name = Debug;
		};
		C6BC5644235A6D0700A944F1 /* Release */ = {
			isa = XCBuildConfiguration;
			baseConfigurationReference = 90B13FABB5434BE985AA3D09 /* Pods-flix.release.xcconfig */;
			buildSettings = {
				ASSETCATALOG_COMPILER_APPICON_NAME = AppIcon;
				CODE_SIGN_STYLE = Automatic;
				DEVELOPMENT_TEAM = "";
				INFOPLIST_FILE = flix/Info.plist;
				LD_RUNPATH_SEARCH_PATHS = (
					"$(inherited)",
					"@executable_path/Frameworks",
				);
				PRODUCT_BUNDLE_IDENTIFIER = com.codepath.flix;
				PRODUCT_NAME = "$(TARGET_NAME)";
				SWIFT_VERSION = 5.0;
				TARGETED_DEVICE_FAMILY = "1,2";
			};
			name = Release;
		};
		C6BC5646235A6D0700A944F1 /* Debug */ = {
			isa = XCBuildConfiguration;
			baseConfigurationReference = 1DE4BD7E465F8DABC6410967 /* Pods-flixTests.debug.xcconfig */;
			buildSettings = {
				ALWAYS_EMBED_SWIFT_STANDARD_LIBRARIES = YES;
				BUNDLE_LOADER = "$(TEST_HOST)";
				CODE_SIGN_STYLE = Automatic;
				INFOPLIST_FILE = flixTests/Info.plist;
				IPHONEOS_DEPLOYMENT_TARGET = 13.1;
				LD_RUNPATH_SEARCH_PATHS = (
					"$(inherited)",
					"@executable_path/Frameworks",
					"@loader_path/Frameworks",
				);
				PRODUCT_BUNDLE_IDENTIFIER = com.codepath.flixTests;
				PRODUCT_NAME = "$(TARGET_NAME)";
				SWIFT_VERSION = 5.0;
				TARGETED_DEVICE_FAMILY = "1,2";
				TEST_HOST = "$(BUILT_PRODUCTS_DIR)/flix.app/flix";
			};
			name = Debug;
		};
		C6BC5647235A6D0700A944F1 /* Release */ = {
			isa = XCBuildConfiguration;
			baseConfigurationReference = 3724D0338FE7EFE7CC7A287B /* Pods-flixTests.release.xcconfig */;
			buildSettings = {
				ALWAYS_EMBED_SWIFT_STANDARD_LIBRARIES = YES;
				BUNDLE_LOADER = "$(TEST_HOST)";
				CODE_SIGN_STYLE = Automatic;
				INFOPLIST_FILE = flixTests/Info.plist;
				IPHONEOS_DEPLOYMENT_TARGET = 13.1;
				LD_RUNPATH_SEARCH_PATHS = (
					"$(inherited)",
					"@executable_path/Frameworks",
					"@loader_path/Frameworks",
				);
				PRODUCT_BUNDLE_IDENTIFIER = com.codepath.flixTests;
				PRODUCT_NAME = "$(TARGET_NAME)";
				SWIFT_VERSION = 5.0;
				TARGETED_DEVICE_FAMILY = "1,2";
				TEST_HOST = "$(BUILT_PRODUCTS_DIR)/flix.app/flix";
			};
			name = Release;
		};
		C6BC5649235A6D0700A944F1 /* Debug */ = {
			isa = XCBuildConfiguration;
			baseConfigurationReference = CF5BCB13A2BD730D901E928E /* Pods-flix-flixUITests.debug.xcconfig */;
			buildSettings = {
				ALWAYS_EMBED_SWIFT_STANDARD_LIBRARIES = YES;
				CODE_SIGN_STYLE = Automatic;
				INFOPLIST_FILE = flixUITests/Info.plist;
				LD_RUNPATH_SEARCH_PATHS = (
					"$(inherited)",
					"@executable_path/Frameworks",
					"@loader_path/Frameworks",
				);
				PRODUCT_BUNDLE_IDENTIFIER = com.codepath.flixUITests;
				PRODUCT_NAME = "$(TARGET_NAME)";
				SWIFT_VERSION = 5.0;
				TARGETED_DEVICE_FAMILY = "1,2";
				TEST_TARGET_NAME = flix;
			};
			name = Debug;
		};
		C6BC564A235A6D0700A944F1 /* Release */ = {
			isa = XCBuildConfiguration;
			baseConfigurationReference = 15B58E9F0873603F9EA129F8 /* Pods-flix-flixUITests.release.xcconfig */;
			buildSettings = {
				ALWAYS_EMBED_SWIFT_STANDARD_LIBRARIES = YES;
				CODE_SIGN_STYLE = Automatic;
				INFOPLIST_FILE = flixUITests/Info.plist;
				LD_RUNPATH_SEARCH_PATHS = (
					"$(inherited)",
					"@executable_path/Frameworks",
					"@loader_path/Frameworks",
				);
				PRODUCT_BUNDLE_IDENTIFIER = com.codepath.flixUITests;
				PRODUCT_NAME = "$(TARGET_NAME)";
				SWIFT_VERSION = 5.0;
				TARGETED_DEVICE_FAMILY = "1,2";
				TEST_TARGET_NAME = flix;
			};
			name = Release;
		};
/* End XCBuildConfiguration section */

/* Begin XCConfigurationList section */
		C6BC5613235A6D0400A944F1 /* Build configuration list for PBXProject "flix" */ = {
			isa = XCConfigurationList;
			buildConfigurations = (
				C6BC5640235A6D0700A944F1 /* Debug */,
				C6BC5641235A6D0700A944F1 /* Release */,
			);
			defaultConfigurationIsVisible = 0;
			defaultConfigurationName = Release;
		};
		C6BC5642235A6D0700A944F1 /* Build configuration list for PBXNativeTarget "flix" */ = {
			isa = XCConfigurationList;
			buildConfigurations = (
				C6BC5643235A6D0700A944F1 /* Debug */,
				C6BC5644235A6D0700A944F1 /* Release */,
			);
			defaultConfigurationIsVisible = 0;
			defaultConfigurationName = Release;
		};
		C6BC5645235A6D0700A944F1 /* Build configuration list for PBXNativeTarget "flixTests" */ = {
			isa = XCConfigurationList;
			buildConfigurations = (
				C6BC5646235A6D0700A944F1 /* Debug */,
				C6BC5647235A6D0700A944F1 /* Release */,
			);
			defaultConfigurationIsVisible = 0;
			defaultConfigurationName = Release;
		};
		C6BC5648235A6D0700A944F1 /* Build configuration list for PBXNativeTarget "flixUITests" */ = {
			isa = XCConfigurationList;
			buildConfigurations = (
				C6BC5649235A6D0700A944F1 /* Debug */,
				C6BC564A235A6D0700A944F1 /* Release */,
			);
			defaultConfigurationIsVisible = 0;
			defaultConfigurationName = Release;
		};
/* End XCConfigurationList section */
	};
	rootObject = C6BC5610235A6D0400A944F1 /* Project object */;
}
